Microsoft Visual Studio Solution File, Format Version 11.00
# Visual Studio 2008

Project("{6C1D9D07-A1AA-CF55-A98A-1BC6F6BEB850}") = "QAI", "Assembly-CSharp.csproj", "{4585B5CF-80BB-99AF-5352-A0BA51C95CB4}"
EndProject
Global
	GlobalSection(SolutionConfigurationPlatforms) = preSolution
		Debug|Any CPU = Debug|Any CPU
		Release|Any CPU = Release|Any CPU
	EndGlobalSection
	GlobalSection(ProjectConfigurationPlatforms) = postSolution
		{4585B5CF-80BB-99AF-5352-A0BA51C95CB4}.Debug|Any CPU.ActiveCfg = Debug|Any CPU
		{4585B5CF-80BB-99AF-5352-A0BA51C95CB4}.Debug|Any CPU.Build.0 = Debug|Any CPU
		{4585B5CF-80BB-99AF-5352-A0BA51C95CB4}.Release|Any CPU.ActiveCfg = Release|Any CPU
		{4585B5CF-80BB-99AF-5352-A0BA51C95CB4}.Release|Any CPU.Build.0 = Release|Any CPU
	EndGlobalSection
	GlobalSection(SolutionProperties) = preSolution
		HideSolutionNode = FALSE
	EndGlobalSection
	GlobalSection(MonoDevelopProperties) = preSolution
		StartupItem = Assembly-CSharp.csproj
	EndGlobalSection
EndGlobal
